{
  "name": "crucio",
  "lockfileVersion": 2,
  "requires": true,
  "packages": {
    "": {
      "dependencies": {
        "crosswords-js": "^0.1.11"
      }
    },
    "node_modules/crosswords-js": {
      "version": "0.1.11",
      "resolved": "https://registry.npmjs.org/crosswords-js/-/crosswords-js-0.1.11.tgz",
      "integrity": "sha512-hAxM+g31aNKxp69MsGPhz0ugYlpnywV6kzi0Ihzh40d7FFo1zcA2VTeH5jSXCs8PBAbIbVV9vD8ozMv63ixPDA=="
    }
  },
  "dependencies": {
    "crosswords-js": {
      "version": "0.1.11",
      "resolved": "https://registry.npmjs.org/crosswords-js/-/crosswords-js-0.1.11.tgz",
      "integrity": "sha512-hAxM+g31aNKxp69MsGPhz0ugYlpnywV6kzi0Ihzh40d7FFo1zcA2VTeH5jSXCs8PBAbIbVV9vD8ozMv63ixPDA=="
    }
  }
}
